<?xml version="1.0" encoding="utf-8"?>
<Project ToolsVersion="4.0" xmlns="http://schemas.microsoft.com/developer/msbuild/2003">
  <ItemGroup>
    <Filter Include="main">
      <UniqueIdentifier>{3bc76029-a5d5-4a0d-a72c-30078e42f441}</UniqueIdentifier>
    </Filter>
    <Filter Include="Engine">
      <UniqueIdentifier>{750be607-8689-48c4-82b5-4a0513897c6d}</UniqueIdentifier>
    </Filter>
    <Filter Include="main\리소스 파일">
      <UniqueIdentifier>{67DA6AB6-F800-4c08-8B7A-83BB121AAD01}</UniqueIdentifier>
      <Extensions>rc;ico;cur;bmp;dlg;rc2;rct;bin;rgs;gif;jpg;jpeg;jpe;resx;tiff;tif;png;wav;mfcribbon-ms</Extensions>
    </Filter>
    <Filter Include="Client">
      <UniqueIdentifier>{005708f6-076c-45ec-a0e8-400e06686643}</UniqueIdentifier>
    </Filter>
    <Filter Include="Engine\Manager">
      <UniqueIdentifier>{79b5e659-5daf-452a-b4d8-18760a14f262}</UniqueIdentifier>
    </Filter>
    <Filter Include="Engine\GameObject">
      <UniqueIdentifier>{aa5304cd-65ab-48f4-90e9-6a2da1d84089}</UniqueIdentifier>
    </Filter>
    <Filter Include="Engine\Scene">
      <UniqueIdentifier>{e31efacc-9a13-443c-91bf-97bbe55f8c22}</UniqueIdentifier>
    </Filter>
    <Filter Include="Engine\Common">
      <UniqueIdentifier>{9d246391-2854-4e92-ad4d-7310a05dbdca}</UniqueIdentifier>
    </Filter>
    <Filter Include="Engine\High Level Interface">
      <UniqueIdentifier>{4a9eb100-ef4d-4e64-8299-0a26a92db89c}</UniqueIdentifier>
    </Filter>
    <Filter Include="Engine\Scene\Base">
      <UniqueIdentifier>{d451ee36-e647-415f-be12-a97addde710a}</UniqueIdentifier>
    </Filter>
    <Filter Include="Engine\GameObject\Base">
      <UniqueIdentifier>{af3a6339-98dc-45a6-a530-4a07eead447b}</UniqueIdentifier>
    </Filter>
    <Filter Include="Engine\Component">
      <UniqueIdentifier>{30d83a64-a704-414c-b8da-4666a5d4064c}</UniqueIdentifier>
    </Filter>
    <Filter Include="Engine\Component\Base">
      <UniqueIdentifier>{9edc3b7f-a6eb-41c4-aaac-b38b7fd98bb0}</UniqueIdentifier>
    </Filter>
    <Filter Include="Engine\Resource">
      <UniqueIdentifier>{761c6f2e-501b-4696-8763-501cf9cd02e4}</UniqueIdentifier>
    </Filter>
    <Filter Include="Engine\Resource\Base">
      <UniqueIdentifier>{ec7a5509-ac56-4ae7-9e9b-ebdd1b60083a}</UniqueIdentifier>
    </Filter>
  </ItemGroup>
  <ItemGroup>
    <ClInclude Include="framework.h">
      <Filter>main</Filter>
    </ClInclude>
    <ClInclude Include="Resource.h">
      <Filter>main</Filter>
    </ClInclude>
    <ClInclude Include="targetver.h">
      <Filter>main</Filter>
    </ClInclude>
    <ClInclude Include="windowsAPI.h">
      <Filter>main</Filter>
    </ClInclude>
    <ClInclude Include="kSceneManager.h">
      <Filter>Engine\Manager</Filter>
    </ClInclude>
    <ClInclude Include="kLogoScene.h">
      <Filter>Engine\Scene</Filter>
    </ClInclude>
    <ClInclude Include="kEntity.h">
      <Filter>Engine\Common</Filter>
    </ClInclude>
    <ClInclude Include="Maths.h">
      <Filter>Engine\Common</Filter>
    </ClInclude>
    <ClInclude Include="kApplication.h">
      <Filter>Engine\High Level Interface</Filter>
    </ClInclude>
    <ClInclude Include="def.h">
      <Filter>Engine\Common</Filter>
    </ClInclude>
    <ClInclude Include="Common.h">
      <Filter>Engine\Common</Filter>
    </ClInclude>
    <ClInclude Include="kGameObject.h">
      <Filter>Engine\GameObject\Base</Filter>
    </ClInclude>
    <ClInclude Include="kPlayer.h">
      <Filter>Engine\GameObject</Filter>
    </ClInclude>
    <ClInclude Include="kTime.h">
      <Filter>Engine\Manager</Filter>
    </ClInclude>
    <ClInclude Include="kInput.h">
      <Filter>Engine\Manager</Filter>
    </ClInclude>
    <ClInclude Include="kMissile.h">
      <Filter>Engine\GameObject</Filter>
    </ClInclude>
    <ClInclude Include="kScene.h">
      <Filter>Engine\Scene\Base</Filter>
    </ClInclude>
    <ClInclude Include="kObstacle.h">
      <Filter>Engine\GameObject</Filter>
    </ClInclude>
    <ClInclude Include="kObstacleManager.h">
      <Filter>Engine\Manager</Filter>
    </ClInclude>
    <ClInclude Include="kResource.h">
      <Filter>Engine\Resource\Base</Filter>
    </ClInclude>
    <ClInclude Include="kImage.h">
      <Filter>Engine\Resource</Filter>
    </ClInclude>
    <ClInclude Include="kResources.h">
      <Filter>Engine\Manager</Filter>
    </ClInclude>
    <ClInclude Include="kTitleScene.h">
      <Filter>Engine\Scene</Filter>
    </ClInclude>
    <ClInclude Include="kAnimator.h">
      <Filter>Engine\Component</Filter>
    </ClInclude>
    <ClInclude Include="kCollider.h">
      <Filter>Engine\Component</Filter>
    </ClInclude>
    <ClInclude Include="kComponent.h">
      <Filter>Engine\Component\Base</Filter>
    </ClInclude>
    <ClInclude Include="kEndScene.h">
      <Filter>Engine\Scene</Filter>
    </ClInclude>
    <ClInclude Include="kPlayScene.h">
      <Filter>Engine\Scene</Filter>
    </ClInclude>
    <ClInclude Include="kBgImageObject.h">
      <Filter>Engine\GameObject</Filter>
    </ClInclude>
    <ClInclude Include="kMonster.h">
      <Filter>Engine\GameObject</Filter>
    </ClInclude>
    <ClInclude Include="kCollisionManager.h">
      <Filter>Engine\Manager</Filter>
    </ClInclude>
    <ClInclude Include="kCamera.h">
      <Filter>Engine\Manager</Filter>
    </ClInclude>
    <ClInclude Include="kBackPack.h">
      <Filter>Engine\GameObject</Filter>
    </ClInclude>
  </ItemGroup>
  <ItemGroup>
    <ResourceCompile Include="windowsAPI.rc">
      <Filter>main\리소스 파일</Filter>
    </ResourceCompile>
  </ItemGroup>
  <ItemGroup>
    <Image Include="small.ico">
      <Filter>main\리소스 파일</Filter>
    </Image>
    <Image Include="windowsAPI.ico">
      <Filter>main\리소스 파일</Filter>
    </Image>
  </ItemGroup>
  <ItemGroup>
    <ClCompile Include="main.cpp">
      <Filter>main</Filter>
    </ClCompile>
    <ClCompile Include="kSceneManager.cpp">
      <Filter>Engine\Manager</Filter>
    </ClCompile>
    <ClCompile Include="kLogoScene.cpp">
      <Filter>Engine\Scene</Filter>
    </ClCompile>
    <ClCompile Include="kEntity.cpp">
      <Filter>Engine\Common</Filter>
    </ClCompile>
    <ClCompile Include="kApplication.cpp">
      <Filter>Engine\High Level Interface</Filter>
    </ClCompile>
    <ClCompile Include="kScene.cpp">
      <Filter>Engine\Scene\Base</Filter>
    </ClCompile>
    <ClCompile Include="kGameObject.cpp">
      <Filter>Engine\GameObject\Base</Filter>
    </ClCompile>
    <ClCompile Include="kPlayer.cpp">
      <Filter>Engine\GameObject</Filter>
    </ClCompile>
    <ClCompile Include="kTime.cpp">
      <Filter>Engine\Manager</Filter>
    </ClCompile>
    <ClCompile Include="kInput.cpp">
      <Filter>Engine\Manager</Filter>
    </ClCompile>
    <ClCompile Include="kMissile.cpp">
      <Filter>Engine\GameObject</Filter>
    </ClCompile>
    <ClCompile Include="kObstacle.cpp">
      <Filter>Engine\GameObject</Filter>
    </ClCompile>
    <ClCompile Include="kObstacleManager.cpp">
      <Filter>Engine\Manager</Filter>
    </ClCompile>
    <ClCompile Include="kResource.cpp">
      <Filter>Engine\Resource\Base</Filter>
    </ClCompile>
    <ClCompile Include="kImage.cpp">
      <Filter>Engine\Resource</Filter>
    </ClCompile>
    <ClCompile Include="kResources.cpp">
      <Filter>Engine\Manager</Filter>
    </ClCompile>
    <ClCompile Include="kTitleScene.cpp">
      <Filter>Engine\Scene</Filter>
    </ClCompile>
    <ClCompile Include="Maths.cpp">
      <Filter>Engine\Common</Filter>
    </ClCompile>
    <ClCompile Include="kAnimator.cpp">
      <Filter>Engine\Component</Filter>
    </ClCompile>
    <ClCompile Include="kCollider.cpp">
      <Filter>Engine\Component</Filter>
    </ClCompile>
    <ClCompile Include="kComponent.cpp">
      <Filter>Engine\Component\Base</Filter>
    </ClCompile>
    <ClCompile Include="kEndScene.cpp">
      <Filter>Engine\Scene</Filter>
    </ClCompile>
    <ClCompile Include="kPlayScene.cpp">
      <Filter>Engine\Scene</Filter>
    </ClCompile>
    <ClCompile Include="kBgImageObject.cpp">
      <Filter>Engine\GameObject</Filter>
    </ClCompile>
    <ClCompile Include="kMonster.cpp">
      <Filter>Engine\GameObject</Filter>
    </ClCompile>
    <ClCompile Include="kCollisionManager.cpp">
      <Filter>Engine\Manager</Filter>
    </ClCompile>
    <ClCompile Include="kCamera.cpp">
      <Filter>Engine\Manager</Filter>
    </ClCompile>
    <ClCompile Include="kBackPack.cpp">
      <Filter>Engine\GameObject</Filter>
    </ClCompile>
  </ItemGroup>
</Project>